// !$*UTF8*$!
{
	archiveVersion = 1;
	classes = {
	};
	objectVersion = 56;
	objects = {

/* Begin PBXBuildFile section */
		A803D3482994C9A700827BC4 /* ScrollViewControllerRepresentableApp.swift in Sources */ = {isa = PBXBuildFile; fileRef = A803D3472994C9A700827BC4 /* ScrollViewControllerRepresentableApp.swift */; };
		A803D34A2994C9A700827BC4 /* ContentView.swift in Sources */ = {isa = PBXBuildFile; fileRef = A803D3492994C9A700827BC4 /* ContentView.swift */; };
		A803D34C2994C9A800827BC4 /* Assets.xcassets in Resources */ = {isa = PBXBuildFile; fileRef = A803D34B2994C9A800827BC4 /* Assets.xcassets */; };
		A803D34F2994C9A800827BC4 /* Preview Assets.xcassets in Resources */ = {isa = PBXBuildFile; fileRef = A803D34E2994C9A800827BC4 /* Preview Assets.xcassets */; };
		A803D3592994C9A800827BC4 /* ScrollViewControllerRepresentableTests.swift in Sources */ = {isa = PBXBuildFile; fileRef = A803D3582994C9A800827BC4 /* ScrollViewControllerRepresentableTests.swift */; };
		A803D3632994C9A800827BC4 /* ScrollViewControllerRepresentableUITests.swift in Sources */ = {isa = PBXBuildFile; fileRef = A803D3622994C9A800827BC4 /* ScrollViewControllerRepresentableUITests.swift */; };
		A803D3652994C9A800827BC4 /* ScrollViewControllerRepresentableUITestsLaunchTests.swift in Sources */ = {isa = PBXBuildFile; fileRef = A803D3642994C9A800827BC4 /* ScrollViewControllerRepresentableUITestsLaunchTests.swift */; };
		A803D3732994C9C700827BC4 /* View+Extension.swift in Sources */ = {isa = PBXBuildFile; fileRef = A803D3722994C9C700827BC4 /* View+Extension.swift */; };
		A803D3762994C9FF00827BC4 /* ScrollViewControllerRepresentable.swift in Sources */ = {isa = PBXBuildFile; fileRef = A803D3752994C9FF00827BC4 /* ScrollViewControllerRepresentable.swift */; };
		A803D3782994CA2800827BC4 /* ScrollViewUIHostingController.swift in Sources */ = {isa = PBXBuildFile; fileRef = A803D3772994CA2800827BC4 /* ScrollViewUIHostingController.swift */; };
/* End PBXBuildFile section */

/* Begin PBXContainerItemProxy section */
		A803D3552994C9A800827BC4 /* PBXContainerItemProxy */ = {
			isa = PBXContainerItemProxy;
			containerPortal = A803D33C2994C9A700827BC4 /* Project object */;
			proxyType = 1;
			remoteGlobalIDString = A803D3432994C9A700827BC4;
			remoteInfo = ScrollViewControllerRepresentable;
		};
		A803D35F2994C9A800827BC4 /* PBXContainerItemProxy */ = {
			isa = PBXContainerItemProxy;
			containerPortal = A803D33C2994C9A700827BC4 /* Project object */;
			proxyType = 1;
			remoteGlobalIDString = A803D3432994C9A700827BC4;
			remoteInfo = ScrollViewControllerRepresentable;
		};
/* End PBXContainerItemProxy section */

/* Begin PBXFileReference section */
		A803D3442994C9A700827BC4 /* ScrollViewControllerRepresentable.app */ = {isa = PBXFileReference; explicitFileType = wrapper.application; includeInIndex = 0; path = ScrollViewControllerRepresentable.app; sourceTree = BUILT_PRODUCTS_DIR; };
		A803D3472994C9A700827BC4 /* ScrollViewControllerRepresentableApp.swift */ = {isa = PBXFileReference; lastKnownFileType = sourcecode.swift; path = ScrollViewControllerRepresentableApp.swift; sourceTree = "<group>"; };
		A803D3492994C9A700827BC4 /* ContentView.swift */ = {isa = PBXFileReference; lastKnownFileType = sourcecode.swift; path = ContentView.swift; sourceTree = "<group>"; };
		A803D34B2994C9A800827BC4 /* Assets.xcassets */ = {isa = PBXFileReference; lastKnownFileType = folder.assetcatalog; path = Assets.xcassets; sourceTree = "<group>"; };
		A803D34E2994C9A800827BC4 /* Preview Assets.xcassets */ = {isa = PBXFileReference; lastKnownFileType = folder.assetcatalog; path = "Preview Assets.xcassets"; sourceTree = "<group>"; };
		A803D3542994C9A800827BC4 /* ScrollViewControllerRepresentableTests.xctest */ = {isa = PBXFileReference; explicitFileType = wrapper.cfbundle; includeInIndex = 0; path = ScrollViewControllerRepresentableTests.xctest; sourceTree = BUILT_PRODUCTS_DIR; };
		A803D3582994C9A800827BC4 /* ScrollViewControllerRepresentableTests.swift */ = {isa = PBXFileReference; lastKnownFileType = sourcecode.swift; path = ScrollViewControllerRepresentableTests.swift; sourceTree = "<group>"; };
		A803D35E2994C9A800827BC4 /* ScrollViewControllerRepresentableUITests.xctest */ = {isa = PBXFileReference; explicitFileType = wrapper.cfbundle; includeInIndex = 0; path = ScrollViewControllerRepresentableUITests.xctest; sourceTree = BUILT_PRODUCTS_DIR; };
		A803D3622994C9A800827BC4 /* ScrollViewControllerRepresentableUITests.swift */ = {isa = PBXFileReference; lastKnownFileType = sourcecode.swift; path = ScrollViewControllerRepresentableUITests.swift; sourceTree = "<group>"; };
		A803D3642994C9A800827BC4 /* ScrollViewControllerRepresentableUITestsLaunchTests.swift */ = {isa = PBXFileReference; lastKnownFileType = sourcecode.swift; path = ScrollViewControllerRepresentableUITestsLaunchTests.swift; sourceTree = "<group>"; };
		A803D3722994C9C700827BC4 /* View+Extension.swift */ = {isa = PBXFileReference; lastKnownFileType = sourcecode.swift; path = "View+Extension.swift"; sourceTree = "<group>"; };
		A803D3752994C9FF00827BC4 /* ScrollViewControllerRepresentable.swift */ = {isa = PBXFileReference; lastKnownFileType = sourcecode.swift; path = ScrollViewControllerRepresentable.swift; sourceTree = "<group>"; };
		A803D3772994CA2800827BC4 /* ScrollViewUIHostingController.swift */ = {isa = PBXFileReference; lastKnownFileType = sourcecode.swift; path = ScrollViewUIHostingController.swift; sourceTree = "<group>"; };
/* End PBXFileReference section */

/* Begin PBXFrameworksBuildPhase section */
		A803D3412994C9A700827BC4 /* Frameworks */ = {
			isa = PBXFrameworksBuildPhase;
			buildActionMask = 2147483647;
			files = (
			);
			runOnlyForDeploymentPostprocessing = 0;
		};
		A803D3512994C9A800827BC4 /* Frameworks */ = {
			isa = PBXFrameworksBuildPhase;
			buildActionMask = 2147483647;
			files = (
			);
			runOnlyForDeploymentPostprocessing = 0;
		};
		A803D35B2994C9A800827BC4 /* Frameworks */ = {
			isa = PBXFrameworksBuildPhase;
			buildActionMask = 2147483647;
			files = (
			);
			runOnlyForDeploymentPostprocessing = 0;
		};
/* End PBXFrameworksBuildPhase section */

/* Begin PBXGroup section */
		A803D33B2994C9A700827BC4 = {
			isa = PBXGroup;
			children = (
				A803D3462994C9A700827BC4 /* ScrollViewControllerRepresentable */,
				A803D3572994C9A800827BC4 /* ScrollViewControllerRepresentableTests */,
				A803D3612994C9A800827BC4 /* ScrollViewControllerRepresentableUITests */,
				A803D3452994C9A700827BC4 /* Products */,
			);
			sourceTree = "<group>";
		};
		A803D3452994C9A700827BC4 /* Products */ = {
			isa = PBXGroup;
			children = (
				A803D3442994C9A700827BC4 /* ScrollViewControllerRepresentable.app */,
				A803D3542994C9A800827BC4 /* ScrollViewControllerRepresentableTests.xctest */,
				A803D35E2994C9A800827BC4 /* ScrollViewControllerRepresentableUITests.xctest */,
			);
			name = Products;
			sourceTree = "<group>";
		};
		A803D3462994C9A700827BC4 /* ScrollViewControllerRepresentable */ = {
			isa = PBXGroup;
			children = (
				A803D3712994C9B400827BC4 /* Extensions */,
				A803D3472994C9A700827BC4 /* ScrollViewControllerRepresentableApp.swift */,
				A803D3492994C9A700827BC4 /* ContentView.swift */,
				A803D34B2994C9A800827BC4 /* Assets.xcassets */,
				A803D34D2994C9A800827BC4 /* Preview Content */,
			);
			path = ScrollViewControllerRepresentable;
			sourceTree = "<group>";
		};
		A803D34D2994C9A800827BC4 /* Preview Content */ = {
			isa = PBXGroup;
			children = (
				A803D34E2994C9A800827BC4 /* Preview Assets.xcassets */,
			);
			path = "Preview Content";
			sourceTree = "<group>";
		};
		A803D3572994C9A800827BC4 /* ScrollViewControllerRepresentableTests */ = {
			isa = PBXGroup;
			children = (
				A803D3582994C9A800827BC4 /* ScrollViewControllerRepresentableTests.swift */,
			);
			path = ScrollViewControllerRepresentableTests;
			sourceTree = "<group>";
		};
		A803D3612994C9A800827BC4 /* ScrollViewControllerRepresentableUITests */ = {
			isa = PBXGroup;
			children = (
				A803D3622994C9A800827BC4 /* ScrollViewControllerRepresentableUITests.swift */,
				A803D3642994C9A800827BC4 /* ScrollViewControllerRepresentableUITestsLaunchTests.swift */,
			);
			path = ScrollViewControllerRepresentableUITests;
			sourceTree = "<group>";
		};
		A803D3712994C9B400827BC4 /* Extensions */ = {
			isa = PBXGroup;
			children = (
				A803D3742994C9EB00827BC4 /* ScrollViewController */,
				A803D3722994C9C700827BC4 /* View+Extension.swift */,
			);
			path = Extensions;
			sourceTree = "<group>";
		};
		A803D3742994C9EB00827BC4 /* ScrollViewController */ = {
			isa = PBXGroup;
			children = (
				A803D3752994C9FF00827BC4 /* ScrollViewControllerRepresentable.swift */,
				A803D3772994CA2800827BC4 /* ScrollViewUIHostingController.swift */,
			);
			path = ScrollViewController;
			sourceTree = "<group>";
		};
/* End PBXGroup section */

/* Begin PBXNativeTarget section */
		A803D3432994C9A700827BC4 /* ScrollViewControllerRepresentable */ = {
			isa = PBXNativeTarget;
			buildConfigurationList = A803D3682994C9A800827BC4 /* Build configuration list for PBXNativeTarget "ScrollViewControllerRepresentable" */;
			buildPhases = (
				A803D3402994C9A700827BC4 /* Sources */,
				A803D3412994C9A700827BC4 /* Frameworks */,
				A803D3422994C9A700827BC4 /* Resources */,
			);
			buildRules = (
			);
			dependencies = (
			);
			name = ScrollViewControllerRepresentable;
			productName = ScrollViewControllerRepresentable;
			productReference = A803D3442994C9A700827BC4 /* ScrollViewControllerRepresentable.app */;
			productType = "com.apple.product-type.application";
		};
		A803D3532994C9A800827BC4 /* ScrollViewControllerRepresentableTests */ = {
			isa = PBXNativeTarget;
			buildConfigurationList = A803D36B2994C9A800827BC4 /* Build configuration list for PBXNativeTarget "ScrollViewControllerRepresentableTests" */;
			buildPhases = (
				A803D3502994C9A800827BC4 /* Sources */,
				A803D3512994C9A800827BC4 /* Frameworks */,
				A803D3522994C9A800827BC4 /* Resources */,
			);
			buildRules = (
			);
			dependencies = (
				A803D3562994C9A800827BC4 /* PBXTargetDependency */,
			);
			name = ScrollViewControllerRepresentableTests;
			productName = ScrollViewControllerRepresentableTests;
			productReference = A803D3542994C9A800827BC4 /* ScrollViewControllerRepresentableTests.xctest */;
			productType = "com.apple.product-type.bundle.unit-test";
		};
		A803D35D2994C9A800827BC4 /* ScrollViewControllerRepresentableUITests */ = {
			isa = PBXNativeTarget;
			buildConfigurationList = A803D36E2994C9A800827BC4 /* Build configuration list for PBXNativeTarget "ScrollViewControllerRepresentableUITests" */;
			buildPhases = (
				A803D35A2994C9A800827BC4 /* Sources */,
				A803D35B2994C9A800827BC4 /* Frameworks */,
				A803D35C2994C9A800827BC4 /* Resources */,
			);
			buildRules = (
			);
			dependencies = (
				A803D3602994C9A800827BC4 /* PBXTargetDependency */,
			);
			name = ScrollViewControllerRepresentableUITests;
			productName = ScrollViewControllerRepresentableUITests;
			productReference = A803D35E2994C9A800827BC4 /* ScrollViewControllerRepresentableUITests.xctest */;
			productType = "com.apple.product-type.bundle.ui-testing";
		};
/* End PBXNativeTarget section */

/* Begin PBXProject section */
		A803D33C2994C9A700827BC4 /* Project object */ = {
			isa = PBXProject;
			attributes = {
				BuildIndependentTargetsInParallel = 1;
				LastSwiftUpdateCheck = 1420;
				LastUpgradeCheck = 1420;
				TargetAttributes = {
					A803D3432994C9A700827BC4 = {
						CreatedOnToolsVersion = 14.2;
					};
					A803D3532994C9A800827BC4 = {
						CreatedOnToolsVersion = 14.2;
						TestTargetID = A803D3432994C9A700827BC4;
					};
					A803D35D2994C9A800827BC4 = {
						CreatedOnToolsVersion = 14.2;
						TestTargetID = A803D3432994C9A700827BC4;
					};
				};
			};
			buildConfigurationList = A803D33F2994C9A700827BC4 /* Build configuration list for PBXProject "ScrollViewControllerRepresentable" */;
			compatibilityVersion = "Xcode 14.0";
			developmentRegion = en;
			hasScannedForEncodings = 0;
			knownRegions = (
				en,
				Base,
			);
			mainGroup = A803D33B2994C9A700827BC4;
			productRefGroup = A803D3452994C9A700827BC4 /* Products */;
			projectDirPath = "";
			projectRoot = "";
			targets = (
				A803D3432994C9A700827BC4 /* ScrollViewControllerRepresentable */,
				A803D3532994C9A800827BC4 /* ScrollViewControllerRepresentableTests */,
				A803D35D2994C9A800827BC4 /* ScrollViewControllerRepresentableUITests */,
			);
		};
/* End PBXProject section */

/* Begin PBXResourcesBuildPhase section */
		A803D3422994C9A700827BC4 /* Resources */ = {
			isa = PBXResourcesBuildPhase;
			buildActionMask = 2147483647;
			files = (
				A803D34F2994C9A800827BC4 /* Preview Assets.xcassets in Resources */,
				A803D34C2994C9A800827BC4 /* Assets.xcassets in Resources */,
			);
			runOnlyForDeploymentPostprocessing = 0;
		};
		A803D3522994C9A800827BC4 /* Resources */ = {
			isa = PBXResourcesBuildPhase;
			buildActionMask = 2147483647;
			files = (
			);
			runOnlyForDeploymentPostprocessing = 0;
		};
		A803D35C2994C9A800827BC4 /* Resources */ = {
			isa = PBXResourcesBuildPhase;
			buildActionMask = 2147483647;
			files = (
			);
			runOnlyForDeploymentPostprocessing = 0;
		};
/* End PBXResourcesBuildPhase section */

/* Begin PBXSourcesBuildPhase section */
		A803D3402994C9A700827BC4 /* Sources */ = {
			isa = PBXSourcesBuildPhase;
			buildActionMask = 2147483647;
			files = (
				A803D3762994C9FF00827BC4 /* ScrollViewControllerRepresentable.swift in Sources */,
				A803D34A2994C9A700827BC4 /* ContentView.swift in Sources */,
				A803D3782994CA2800827BC4 /* ScrollViewUIHostingController.swift in Sources */,
				A803D3732994C9C700827BC4 /* View+Extension.swift in Sources */,
				A803D3482994C9A700827BC4 /* ScrollViewControllerRepresentableApp.swift in Sources */,
			);
			runOnlyForDeploymentPostprocessing = 0;
		};
		A803D3502994C9A800827BC4 /* Sources */ = {
			isa = PBXSourcesBuildPhase;
			buildActionMask = 2147483647;
			files = (
				A803D3592994C9A800827BC4 /* ScrollViewControllerRepresentableTests.swift in Sources */,
			);
			runOnlyForDeploymentPostprocessing = 0;
		};
		A803D35A2994C9A800827BC4 /* Sources */ = {
			isa = PBXSourcesBuildPhase;
			buildActionMask = 2147483647;
			files = (
				A803D3632994C9A800827BC4 /* ScrollViewControllerRepresentableUITests.swift in Sources */,
				A803D3652994C9A800827BC4 /* ScrollViewControllerRepresentableUITestsLaunchTests.swift in Sources */,
			);
			runOnlyForDeploymentPostprocessing = 0;
		};
/* End PBXSourcesBuildPhase section */

/* Begin PBXTargetDependency section */
		A803D3562994C9A800827BC4 /* PBXTargetDependency */ = {
			isa = PBXTargetDependency;
			target = A803D3432994C9A700827BC4 /* ScrollViewControllerRepresentable */;
			targetProxy = A803D3552994C9A800827BC4 /* PBXContainerItemProxy */;
		};
		A803D3602994C9A800827BC4 /* PBXTargetDependency */ = {
			isa = PBXTargetDependency;
			target = A803D3432994C9A700827BC4 /* ScrollViewControllerRepresentable */;
			targetProxy = A803D35F2994C9A800827BC4 /* PBXContainerItemProxy */;
		};
/* End PBXTargetDependency section */

/* Begin XCBuildConfiguration section */
		A803D3662994C9A800827BC4 /* Debug */ = {
			isa = XCBuildConfiguration;
			buildSettings = {
				ALWAYS_SEARCH_USER_PATHS = NO;
				CLANG_ANALYZER_NONNULL = YES;
				CLANG_ANALYZER_NUMBER_OBJECT_CONVERSION = YES_AGGRESSIVE;
				CLANG_CXX_LANGUAGE_STANDARD = "gnu++20";
				CLANG_ENABLE_MODULES = YES;
				CLANG_ENABLE_OBJC_ARC = YES;
				CLANG_ENABLE_OBJC_WEAK = YES;
				CLANG_WARN_BLOCK_CAPTURE_AUTORELEASING = YES;
				CLANG_WARN_BOOL_CONVERSION = YES;
				CLANG_WARN_COMMA = YES;
				CLANG_WARN_CONSTANT_CONVERSION = YES;
				CLANG_WARN_DEPRECATED_OBJC_IMPLEMENTATIONS = YES;
				CLANG_WARN_DIRECT_OBJC_ISA_USAGE = YES_ERROR;
				CLANG_WARN_DOCUMENTATION_COMMENTS = YES;
				CLANG_WARN_EMPTY_BODY = YES;
				CLANG_WARN_ENUM_CONVERSION = YES;
				CLANG_WARN_INFINITE_RECURSION = YES;
				CLANG_WARN_INT_CONVERSION = YES;
				CLANG_WARN_NON_LITERAL_NULL_CONVERSION = YES;
				CLANG_WARN_OBJC_IMPLICIT_RETAIN_SELF = YES;
				CLANG_WARN_OBJC_LITERAL_CONVERSION = YES;
				CLANG_WARN_OBJC_ROOT_CLASS = YES_ERROR;
				CLANG_WARN_QUOTED_INCLUDE_IN_FRAMEWORK_HEADER = YES;
				CLANG_WARN_RANGE_LOOP_ANALYSIS = YES;
				CLANG_WARN_STRICT_PROTOTYPES = YES;
				CLANG_WARN_SUSPICIOUS_MOVE = YES;
				CLANG_WARN_UNGUARDED_AVAILABILITY = YES_AGGRESSIVE;
				CLANG_WARN_UNREACHABLE_CODE = YES;
				CLANG_WARN__DUPLICATE_METHOD_MATCH = YES;
				COPY_PHASE_STRIP = NO;
				DEBUG_INFORMATION_FORMAT = dwarf;
				ENABLE_STRICT_OBJC_MSGSEND = YES;
				ENABLE_TESTABILITY = YES;
				GCC_C_LANGUAGE_STANDARD = gnu11;
				GCC_DYNAMIC_NO_PIC = NO;
				GCC_NO_COMMON_BLOCKS = YES;
				GCC_OPTIMIZATION_LEVEL = 0;
				GCC_PREPROCESSOR_DEFINITIONS = (
					"DEBUG=1",
					"$(inherited)",
				);
				GCC_WARN_64_TO_32_BIT_CONVERSION = YES;
				GCC_WARN_ABOUT_RETURN_TYPE = YES_ERROR;
				GCC_WARN_UNDECLARED_SELECTOR = YES;
				GCC_WARN_UNINITIALIZED_AUTOS = YES_AGGRESSIVE;
				GCC_WARN_UNUSED_FUNCTION = YES;
				GCC_WARN_UNUSED_VARIABLE = YES;
				IPHONEOS_DEPLOYMENT_TARGET = 16.2;
				MTL_ENABLE_DEBUG_INFO = INCLUDE_SOURCE;
				MTL_FAST_MATH = YES;
				ONLY_ACTIVE_ARCH = YES;
				SDKROOT = iphoneos;
				SWIFT_ACTIVE_COMPILATION_CONDITIONS = DEBUG;
				SWIFT_OPTIMIZATION_LEVEL = "-Onone";
			};
			name = Debug;
		};
		A803D3672994C9A800827BC4 /* Release */ = {
			isa = XCBuildConfiguration;
			buildSettings = {
				ALWAYS_SEARCH_USER_PATHS = NO;
				CLANG_ANALYZER_NONNULL = YES;
				CLANG_ANALYZER_NUMBER_OBJECT_CONVERSION = YES_AGGRESSIVE;
				CLANG_CXX_LANGUAGE_STANDARD = "gnu++20";
				CLANG_ENABLE_MODULES = YES;
				CLANG_ENABLE_OBJC_ARC = YES;
				CLANG_ENABLE_OBJC_WEAK = YES;
				CLANG_WARN_BLOCK_CAPTURE_AUTORELEASING = YES;
				CLANG_WARN_BOOL_CONVERSION = YES;
				CLANG_WARN_COMMA = YES;
				CLANG_WARN_CONSTANT_CONVERSION = YES;
				CLANG_WARN_DEPRECATED_OBJC_IMPLEMENTATIONS = YES;
				CLANG_WARN_DIRECT_OBJC_ISA_USAGE = YES_ERROR;
				CLANG_WARN_DOCUMENTATION_COMMENTS = YES;
				CLANG_WARN_EMPTY_BODY = YES;
				CLANG_WARN_ENUM_CONVERSION = YES;
				CLANG_WARN_INFINITE_RECURSION = YES;
				CLANG_WARN_INT_CONVERSION = YES;
				CLANG_WARN_NON_LITERAL_NULL_CONVERSION = YES;
				CLANG_WARN_OBJC_IMPLICIT_RETAIN_SELF = YES;
				CLANG_WARN_OBJC_LITERAL_CONVERSION = YES;
				CLANG_WARN_OBJC_ROOT_CLASS = YES_ERROR;
				CLANG_WARN_QUOTED_INCLUDE_IN_FRAMEWORK_HEADER = YES;
				CLANG_WARN_RANGE_LOOP_ANALYSIS = YES;
				CLANG_WARN_STRICT_PROTOTYPES = YES;
				CLANG_WARN_SUSPICIOUS_MOVE = YES;
				CLANG_WARN_UNGUARDED_AVAILABILITY = YES_AGGRESSIVE;
				CLANG_WARN_UNREACHABLE_CODE = YES;
				CLANG_WARN__DUPLICATE_METHOD_MATCH = YES;
				COPY_PHASE_STRIP = NO;
				DEBUG_INFORMATION_FORMAT = "dwarf-with-dsym";
				ENABLE_NS_ASSERTIONS = NO;
				ENABLE_STRICT_OBJC_MSGSEND = YES;
				GCC_C_LANGUAGE_STANDARD = gnu11;
				GCC_NO_COMMON_BLOCKS = YES;
				GCC_WARN_64_TO_32_BIT_CONVERSION = YES;
				GCC_WARN_ABOUT_RETURN_TYPE = YES_ERROR;
				GCC_WARN_UNDECLARED_SELECTOR = YES;
				GCC_WARN_UNINITIALIZED_AUTOS = YES_AGGRESSIVE;
				GCC_WARN_UNUSED_FUNCTION = YES;
				GCC_WARN_UNUSED_VARIABLE = YES;
				IPHONEOS_DEPLOYMENT_TARGET = 16.2;
				MTL_ENABLE_DEBUG_INFO = NO;
				MTL_FAST_MATH = YES;
				SDKROOT = iphoneos;
				SWIFT_COMPILATION_MODE = wholemodule;
				SWIFT_OPTIMIZATION_LEVEL = "-O";
				VALIDATE_PRODUCT = YES;
			};
			name = Release;
		};
		A803D3692994C9A800827BC4 /* Debug */ = {
			isa = XCBuildConfiguration;
			buildSettings = {
				ASSETCATALOG_COMPILER_APPICON_NAME = AppIcon;
				ASSETCATALOG_COMPILER_GLOBAL_ACCENT_COLOR_NAME = AccentColor;
				CODE_SIGN_STYLE = Automatic;
				CURRENT_PROJECT_VERSION = 1;
				DEVELOPMENT_ASSET_PATHS = "\"ScrollViewControllerRepresentable/Preview Content\"";
				ENABLE_PREVIEWS = YES;
				GENERATE_INFOPLIST_FILE = YES;
				INFOPLIST_KEY_UIApplicationSceneManifest_Generation = YES;
				INFOPLIST_KEY_UIApplicationSupportsIndirectInputEvents = YES;
				INFOPLIST_KEY_UILaunchScreen_Generation = YES;
				INFOPLIST_KEY_UISupportedInterfaceOrientations_iPad = "UIInterfaceOrientationPortrait UIInterfaceOrientationPortraitUpsideDown UIInterfaceOrientationLandscapeLeft UIInterfaceOrientationLandscapeRight";
				INFOPLIST_KEY_UISupportedInterfaceOrientations_iPhone = "UIInterfaceOrientationPortrait UIInterfaceOrientationLandscapeLeft UIInterfaceOrientationLandscapeRight";
				LD_RUNPATH_SEARCH_PATHS = (
					"$(inherited)",
					"@executable_path/Frameworks",
				);
				MARKETING_VERSION = 1.0;
				PRODUCT_BUNDLE_IDENTIFIER = keke.ScrollViewControllerRepresentable;
				PRODUCT_NAME = "$(TARGET_NAME)";
				SWIFT_EMIT_LOC_STRINGS = YES;
				SWIFT_VERSION = 5.0;
				TARGETED_DEVICE_FAMILY = "1,2";
			};
			name = Debug;
		};
		A803D36A2994C9A800827BC4 /* Release */ = {
			isa = XCBuildConfiguration;
			buildSettings = {
				ASSETCATALOG_COMPILER_APPICON_NAME = AppIcon;
				ASSETCATALOG_COMPILER_GLOBAL_ACCENT_COLOR_NAME = AccentColor;
				CODE_SIGN_STYLE = Automatic;
				CURRENT_PROJECT_VERSION = 1;
				DEVELOPMENT_ASSET_PATHS = "\"ScrollViewControllerRepresentable/Preview Content\"";
				ENABLE_PREVIEWS = YES;
				GENERATE_INFOPLIST_FILE = YES;
				INFOPLIST_KEY_UIApplicationSceneManifest_Generation = YES;
				INFOPLIST_KEY_UIApplicationSupportsIndirectInputEvents = YES;
				INFOPLIST_KEY_UILaunchScreen_Generation = YES;
				INFOPLIST_KEY_UISupportedInterfaceOrientations_iPad = "UIInterfaceOrientationPortrait UIInterfaceOrientationPortraitUpsideDown UIInterfaceOrientationLandscapeLeft UIInterfaceOrientationLandscapeRight";
				INFOPLIST_KEY_UISupportedInterfaceOrientations_iPhone = "UIInterfaceOrientationPortrait UIInterfaceOrientationLandscapeLeft UIInterfaceOrientationLandscapeRight";
				LD_RUNPATH_SEARCH_PATHS = (
					"$(inherited)",
					"@executable_path/Frameworks",
				);
				MARKETING_VERSION = 1.0;
				PRODUCT_BUNDLE_IDENTIFIER = keke.ScrollViewControllerRepresentable;
				PRODUCT_NAME = "$(TARGET_NAME)";
				SWIFT_EMIT_LOC_STRINGS = YES;
				SWIFT_VERSION = 5.0;
				TARGETED_DEVICE_FAMILY = "1,2";
			};
			name = Release;
		};
		A803D36C2994C9A800827BC4 /* Debug */ = {
			isa = XCBuildConfiguration;
			buildSettings = {
				ALWAYS_EMBED_SWIFT_STANDARD_LIBRARIES = YES;
				BUNDLE_LOADER = "$(TEST_HOST)";
				CODE_SIGN_STYLE = Automatic;
				CURRENT_PROJECT_VERSION = 1;
				GENERATE_INFOPLIST_FILE = YES;
				IPHONEOS_DEPLOYMENT_TARGET = 16.2;
				MARKETING_VERSION = 1.0;
				PRODUCT_BUNDLE_IDENTIFIER = keke.ScrollViewControllerRepresentableTests;
				PRODUCT_NAME = "$(TARGET_NAME)";
				SWIFT_EMIT_LOC_STRINGS = NO;
				SWIFT_VERSION = 5.0;
				TARGETED_DEVICE_FAMILY = "1,2";
				TEST_HOST = "$(BUILT_PRODUCTS_DIR)/ScrollViewControllerRepresentable.app/$(BUNDLE_EXECUTABLE_FOLDER_PATH)/ScrollViewControllerRepresentable";
			};
			name = Debug;
		};
		A803D36D2994C9A800827BC4 /* Release */ = {
			isa = XCBuildConfiguration;
			buildSettings = {
				ALWAYS_EMBED_SWIFT_STANDARD_LIBRARIES = YES;
				BUNDLE_LOADER = "$(TEST_HOST)";
				CODE_SIGN_STYLE = Automatic;
				CURRENT_PROJECT_VERSION = 1;
				GENERATE_INFOPLIST_FILE = YES;
				IPHONEOS_DEPLOYMENT_TARGET = 16.2;
				MARKETING_VERSION = 1.0;
				PRODUCT_BUNDLE_IDENTIFIER = keke.ScrollViewControllerRepresentableTests;
				PRODUCT_NAME = "$(TARGET_NAME)";
				SWIFT_EMIT_LOC_STRINGS = NO;
				SWIFT_VERSION = 5.0;
				TARGETED_DEVICE_FAMILY = "1,2";
				TEST_HOST = "$(BUILT_PRODUCTS_DIR)/ScrollViewControllerRepresentable.app/$(BUNDLE_EXECUTABLE_FOLDER_PATH)/ScrollViewControllerRepresentable";
			};
			name = Release;
		};
		A803D36F2994C9A800827BC4 /* Debug */ = {
			isa = XCBuildConfiguration;
			buildSettings = {
				ALWAYS_EMBED_SWIFT_STANDARD_LIBRARIES = YES;
				CODE_SIGN_STYLE = Automatic;
				CURRENT_PROJECT_VERSION = 1;
				GENERATE_INFOPLIST_FILE = YES;
				MARKETING_VERSION = 1.0;
				PRODUCT_BUNDLE_IDENTIFIER = keke.ScrollViewControllerRepresentableUITests;
				PRODUCT_NAME = "$(TARGET_NAME)";
				SWIFT_EMIT_LOC_STRINGS = NO;
				SWIFT_VERSION = 5.0;
				TARGETED_DEVICE_FAMILY = "1,2";
				TEST_TARGET_NAME = ScrollViewControllerRepresentable;
			};
			name = Debug;
		};
		A803D3702994C9A800827BC4 /* Release */ = {
			isa = XCBuildConfiguration;
			buildSettings = {
				ALWAYS_EMBED_SWIFT_STANDARD_LIBRARIES = YES;
				CODE_SIGN_STYLE = Automatic;
				CURRENT_PROJECT_VERSION = 1;
				GENERATE_INFOPLIST_FILE = YES;
				MARKETING_VERSION = 1.0;
				PRODUCT_BUNDLE_IDENTIFIER = keke.ScrollViewControllerRepresentableUITests;
				PRODUCT_NAME = "$(TARGET_NAME)";
				SWIFT_EMIT_LOC_STRINGS = NO;
				SWIFT_VERSION = 5.0;
				TARGETED_DEVICE_FAMILY = "1,2";
				TEST_TARGET_NAME = ScrollViewControllerRepresentable;
			};
			name = Release;
		};
/* End XCBuildConfiguration section */

/* Begin XCConfigurationList section */
		A803D33F2994C9A700827BC4 /* Build configuration list for PBXProject "ScrollViewControllerRepresentable" */ = {
			isa = XCConfigurationList;
			buildConfigurations = (
				A803D3662994C9A800827BC4 /* Debug */,
				A803D3672994C9A800827BC4 /* Release */,
			);
			defaultConfigurationIsVisible = 0;
			defaultConfigurationName = Release;
		};
		A803D3682994C9A800827BC4 /* Build configuration list for PBXNativeTarget "ScrollViewControllerRepresentable" */ = {
			isa = XCConfigurationList;
			buildConfigurations = (
				A803D3692994C9A800827BC4 /* Debug */,
				A803D36A2994C9A800827BC4 /* Release */,
			);
			defaultConfigurationIsVisible = 0;
			defaultConfigurationName = Release;
		};
		A803D36B2994C9A800827BC4 /* Build configuration list for PBXNativeTarget "ScrollViewControllerRepresentableTests" */ = {
			isa = XCConfigurationList;
			buildConfigurations = (
				A803D36C2994C9A800827BC4 /* Debug */,
				A803D36D2994C9A800827BC4 /* Release */,
			);
			defaultConfigurationIsVisible = 0;
			defaultConfigurationName = Release;
		};
		A803D36E2994C9A800827BC4 /* Build configuration list for PBXNativeTarget "ScrollViewControllerRepresentableUITests" */ = {
			isa = XCConfigurationList;
			buildConfigurations = (
				A803D36F2994C9A800827BC4 /* Debug */,
				A803D3702994C9A800827BC4 /* Release */,
			);
			defaultConfigurationIsVisible = 0;
			defaultConfigurationName = Release;
		};
/* End XCConfigurationList section */
	};
	rootObject = A803D33C2994C9A700827BC4 /* Project object */;
}
